
Microsoft Visual Studio Solution File, Format Version 12.00
# Visual Studio 15
VisualStudioVersion = 15.0.28307.1500
MinimumVisualStudioVersion = 10.0.40219.1
Project("{00D1A9C2-B5F0-4AF3-8072-F6C62B433612}") = "Database_Project Demo", "Database_Project Demo\Database_Project Demo.sqlproj", "{8001BFAE-6100-4DB1-89FE-8C51F2E53425}"
EndProject
Global
	GlobalSection(SolutionConfigurationPlatforms) = preSolution
		Debug|Any CPU = Debug|Any CPU
		Release|Any CPU = Release|Any CPU
	EndGlobalSection
	GlobalSection(ProjectConfigurationPlatforms) = postSolution
		{8001BFAE-6100-4DB1-89FE-8C51F2E53425}.Debug|Any CPU.ActiveCfg = Debug|Any CPU
		{8001BFAE-6100-4DB1-89FE-8C51F2E53425}.Debug|Any CPU.Build.0 = Debug|Any CPU
		{8001BFAE-6100-4DB1-89FE-8C51F2E53425}.Debug|Any CPU.Deploy.0 = Debug|Any CPU
		{8001BFAE-6100-4DB1-89FE-8C51F2E53425}.Release|Any CPU.ActiveCfg = Release|Any CPU
		{8001BFAE-6100-4DB1-89FE-8C51F2E53425}.Release|Any CPU.Build.0 = Release|Any CPU
		{8001BFAE-6100-4DB1-89FE-8C51F2E53425}.Release|Any CPU.Deploy.0 = Release|Any CPU
	EndGlobalSection
	GlobalSection(SolutionProperties) = preSolution
		HideSolutionNode = FALSE
	EndGlobalSection
	GlobalSection(ExtensibilityGlobals) = postSolution
		SolutionGuid = {1590E62D-FADB-4C36-B9AF-D5CCD58F677D}
	EndGlobalSection
EndGlobal
